
Microsoft Visual Studio Solution File, Format Version 12.00
# Visual Studio 15
VisualStudioVersion = 15.0.28010.2036
MinimumVisualStudioVersion = 10.0.40219.1
Project("{FAE04EC0-301F-11D3-BF4B-00C04F79EFBC}") = "7_ZD", "7_ZD\7_ZD.csproj", "{C198A923-7F0C-4A01-8A7C-18AC2830B708}"
EndProject
Global
	GlobalSection(SolutionConfigurationPlatforms) = preSolution
		Debug|Any CPU = Debug|Any CPU
		Release|Any CPU = Release|Any CPU
	EndGlobalSection
	GlobalSection(ProjectConfigurationPlatforms) = postSolution
		{C198A923-7F0C-4A01-8A7C-18AC2830B708}.Debug|Any CPU.ActiveCfg = Debug|Any CPU
		{C198A923-7F0C-4A01-8A7C-18AC2830B708}.Debug|Any CPU.Build.0 = Debug|Any CPU
		{C198A923-7F0C-4A01-8A7C-18AC2830B708}.Release|Any CPU.ActiveCfg = Release|Any CPU
		{C198A923-7F0C-4A01-8A7C-18AC2830B708}.Release|Any CPU.Build.0 = Release|Any CPU
	EndGlobalSection
	GlobalSection(SolutionProperties) = preSolution
		HideSolutionNode = FALSE
	EndGlobalSection
	GlobalSection(ExtensibilityGlobals) = postSolution
		SolutionGuid = {2872AA82-B21B-4E36-B434-5C4AFAC05C05}
	EndGlobalSection
EndGlobal
